
Microsoft Visual Studio Solution File, Format Version 11.00
# Visual C# Express 2010
Project("{FAE04EC0-301F-11D3-BF4B-00C04F79EFBC}") = "PdfMiniToolsCore", "PdfMiniToolsCore\PdfMiniToolsCore.csproj", "{B72DDB9E-A1C4-4BA5-94BB-FB419FE11136}"
EndProject
Project("{FAE04EC0-301F-11D3-BF4B-00C04F79EFBC}") = "PdfMiniToolsTests", "PdfMiniToolsTests\PdfMiniToolsTests.csproj", "{8AA61868-3C6D-4C16-8A26-C8449CD91D82}"
EndProject
Project("{FAE04EC0-301F-11D3-BF4B-00C04F79EFBC}") = "PdfCat", "PdfCat\PdfCat.csproj", "{DCAA51ED-78B1-43BA-BC5D-577927B0F0AD}"
EndProject
Project("{FAE04EC0-301F-11D3-BF4B-00C04F79EFBC}") = "PdfSplit", "PdfSplit\PdfSplit.csproj", "{0100665D-EF21-4ADB-A958-76B8017D462A}"
EndProject
Project("{FAE04EC0-301F-11D3-BF4B-00C04F79EFBC}") = "PdfInfo", "PdfInfo\PdfInfo.csproj", "{C5304378-B712-43C2-8AC3-6E446317981C}"
EndProject
Project("{FAE04EC0-301F-11D3-BF4B-00C04F79EFBC}") = "PdfExtract", "PdfExtract\PdfExtract.csproj", "{0FC6DE26-E6EC-4E73-B8AA-7C1A613537F1}"
EndProject
Project("{FAE04EC0-301F-11D3-BF4B-00C04F79EFBC}") = "PdfMiniToolsGUI", "PdfMiniToolsGUI\PdfMiniToolsGUI.csproj", "{3E11CADA-867E-4FA5-996F-CE6B8F4A1B59}"
EndProject
Project("{FAE04EC0-301F-11D3-BF4B-00C04F79EFBC}") = "PdfEvenOddMerge", "PdfEvenOddMerge\PdfEvenOddMerge.csproj", "{77F0AB0E-95B4-4133-935A-900F310CFC5D}"
EndProject
Global
	GlobalSection(SolutionConfigurationPlatforms) = preSolution
		Debug|Any CPU = Debug|Any CPU
		Debug|Mixed Platforms = Debug|Mixed Platforms
		Debug|x86 = Debug|x86
		Release|Any CPU = Release|Any CPU
		Release|Mixed Platforms = Release|Mixed Platforms
		Release|x86 = Release|x86
		Release64|Any CPU = Release64|Any CPU
		Release64|Mixed Platforms = Release64|Mixed Platforms
		Release64|x86 = Release64|x86
	EndGlobalSection
	GlobalSection(ProjectConfigurationPlatforms) = postSolution
		{B72DDB9E-A1C4-4BA5-94BB-FB419FE11136}.Debug|Any CPU.ActiveCfg = Debug|Any CPU
		{B72DDB9E-A1C4-4BA5-94BB-FB419FE11136}.Debug|Any CPU.Build.0 = Debug|Any CPU
		{B72DDB9E-A1C4-4BA5-94BB-FB419FE11136}.Debug|Mixed Platforms.ActiveCfg = Debug|Any CPU
		{B72DDB9E-A1C4-4BA5-94BB-FB419FE11136}.Debug|Mixed Platforms.Build.0 = Debug|Any CPU
		{B72DDB9E-A1C4-4BA5-94BB-FB419FE11136}.Debug|x86.ActiveCfg = Debug|Any CPU
		{B72DDB9E-A1C4-4BA5-94BB-FB419FE11136}.Release|Any CPU.ActiveCfg = Release|Any CPU
		{B72DDB9E-A1C4-4BA5-94BB-FB419FE11136}.Release|Any CPU.Build.0 = Release|Any CPU
		{B72DDB9E-A1C4-4BA5-94BB-FB419FE11136}.Release|Mixed Platforms.ActiveCfg = Release|Any CPU
		{B72DDB9E-A1C4-4BA5-94BB-FB419FE11136}.Release|Mixed Platforms.Build.0 = Release|Any CPU
		{B72DDB9E-A1C4-4BA5-94BB-FB419FE11136}.Release|x86.ActiveCfg = Release|Any CPU
		{B72DDB9E-A1C4-4BA5-94BB-FB419FE11136}.Release64|Any CPU.ActiveCfg = Release64|Any CPU
		{B72DDB9E-A1C4-4BA5-94BB-FB419FE11136}.Release64|Any CPU.Build.0 = Release64|Any CPU
		{B72DDB9E-A1C4-4BA5-94BB-FB419FE11136}.Release64|Mixed Platforms.ActiveCfg = Release64|Any CPU
		{B72DDB9E-A1C4-4BA5-94BB-FB419FE11136}.Release64|Mixed Platforms.Build.0 = Release64|Any CPU
		{B72DDB9E-A1C4-4BA5-94BB-FB419FE11136}.Release64|x86.ActiveCfg = Release64|Any CPU
		{8AA61868-3C6D-4C16-8A26-C8449CD91D82}.Debug|Any CPU.ActiveCfg = Debug|x86
		{8AA61868-3C6D-4C16-8A26-C8449CD91D82}.Debug|Mixed Platforms.ActiveCfg = Debug|x86
		{8AA61868-3C6D-4C16-8A26-C8449CD91D82}.Debug|Mixed Platforms.Build.0 = Debug|x86
		{8AA61868-3C6D-4C16-8A26-C8449CD91D82}.Debug|x86.ActiveCfg = Debug|x86
		{8AA61868-3C6D-4C16-8A26-C8449CD91D82}.Debug|x86.Build.0 = Debug|x86
		{8AA61868-3C6D-4C16-8A26-C8449CD91D82}.Release|Any CPU.ActiveCfg = Release|x86
		{8AA61868-3C6D-4C16-8A26-C8449CD91D82}.Release|Mixed Platforms.ActiveCfg = Release|x86
		{8AA61868-3C6D-4C16-8A26-C8449CD91D82}.Release|Mixed Platforms.Build.0 = Release|x86
		{8AA61868-3C6D-4C16-8A26-C8449CD91D82}.Release|x86.ActiveCfg = Release|x86
		{8AA61868-3C6D-4C16-8A26-C8449CD91D82}.Release|x86.Build.0 = Release|x86
		{8AA61868-3C6D-4C16-8A26-C8449CD91D82}.Release64|Any CPU.ActiveCfg = Release64|x86
		{8AA61868-3C6D-4C16-8A26-C8449CD91D82}.Release64|Mixed Platforms.ActiveCfg = Release64|x86
		{8AA61868-3C6D-4C16-8A26-C8449CD91D82}.Release64|Mixed Platforms.Build.0 = Release64|x86
		{8AA61868-3C6D-4C16-8A26-C8449CD91D82}.Release64|x86.ActiveCfg = Release64|x86
		{DCAA51ED-78B1-43BA-BC5D-577927B0F0AD}.Debug|Any CPU.ActiveCfg = Debug|x86
		{DCAA51ED-78B1-43BA-BC5D-577927B0F0AD}.Debug|Mixed Platforms.ActiveCfg = Debug|x86
		{DCAA51ED-78B1-43BA-BC5D-577927B0F0AD}.Debug|Mixed Platforms.Build.0 = Debug|x86
		{DCAA51ED-78B1-43BA-BC5D-577927B0F0AD}.Debug|x86.ActiveCfg = Debug|x86
		{DCAA51ED-78B1-43BA-BC5D-577927B0F0AD}.Debug|x86.Build.0 = Debug|x86
		{DCAA51ED-78B1-43BA-BC5D-577927B0F0AD}.Release|Any CPU.ActiveCfg = Release|x86
		{DCAA51ED-78B1-43BA-BC5D-577927B0F0AD}.Release|Mixed Platforms.ActiveCfg = Release|x86
		{DCAA51ED-78B1-43BA-BC5D-577927B0F0AD}.Release|Mixed Platforms.Build.0 = Release|x86
		{DCAA51ED-78B1-43BA-BC5D-577927B0F0AD}.Release|x86.ActiveCfg = Release|x86
		{DCAA51ED-78B1-43BA-BC5D-577927B0F0AD}.Release|x86.Build.0 = Release|x86
		{DCAA51ED-78B1-43BA-BC5D-577927B0F0AD}.Release64|Any CPU.ActiveCfg = Release64|x86
		{DCAA51ED-78B1-43BA-BC5D-577927B0F0AD}.Release64|Mixed Platforms.ActiveCfg = Release64|x86
		{DCAA51ED-78B1-43BA-BC5D-577927B0F0AD}.Release64|Mixed Platforms.Build.0 = Release64|x86
		{DCAA51ED-78B1-43BA-BC5D-577927B0F0AD}.Release64|x86.ActiveCfg = Release64|x86
		{0100665D-EF21-4ADB-A958-76B8017D462A}.Debug|Any CPU.ActiveCfg = Debug|x86
		{0100665D-EF21-4ADB-A958-76B8017D462A}.Debug|Mixed Platforms.ActiveCfg = Debug|x86
		{0100665D-EF21-4ADB-A958-76B8017D462A}.Debug|Mixed Platforms.Build.0 = Debug|x86
		{0100665D-EF21-4ADB-A958-76B8017D462A}.Debug|x86.ActiveCfg = Debug|x86
		{0100665D-EF21-4ADB-A958-76B8017D462A}.Debug|x86.Build.0 = Debug|x86
		{0100665D-EF21-4ADB-A958-76B8017D462A}.Release|Any CPU.ActiveCfg = Release|x86
		{0100665D-EF21-4ADB-A958-76B8017D462A}.Release|Mixed Platforms.ActiveCfg = Release|x86
		{0100665D-EF21-4ADB-A958-76B8017D462A}.Release|Mixed Platforms.Build.0 = Release|x86
		{0100665D-EF21-4ADB-A958-76B8017D462A}.Release|x86.ActiveCfg = Release|x86
		{0100665D-EF21-4ADB-A958-76B8017D462A}.Release|x86.Build.0 = Release|x86
		{0100665D-EF21-4ADB-A958-76B8017D462A}.Release64|Any CPU.ActiveCfg = Release64|x86
		{0100665D-EF21-4ADB-A958-76B8017D462A}.Release64|Mixed Platforms.ActiveCfg = Release64|x86
		{0100665D-EF21-4ADB-A958-76B8017D462A}.Release64|Mixed Platforms.Build.0 = Release64|x86
		{0100665D-EF21-4ADB-A958-76B8017D462A}.Release64|x86.ActiveCfg = Release64|x86
		{C5304378-B712-43C2-8AC3-6E446317981C}.Debug|Any CPU.ActiveCfg = Debug|x86
		{C5304378-B712-43C2-8AC3-6E446317981C}.Debug|Mixed Platforms.ActiveCfg = Debug|x86
		{C5304378-B712-43C2-8AC3-6E446317981C}.Debug|Mixed Platforms.Build.0 = Debug|x86
		{C5304378-B712-43C2-8AC3-6E446317981C}.Debug|x86.ActiveCfg = Debug|x86
		{C5304378-B712-43C2-8AC3-6E446317981C}.Debug|x86.Build.0 = Debug|x86
		{C5304378-B712-43C2-8AC3-6E446317981C}.Release|Any CPU.ActiveCfg = Release|x86
		{C5304378-B712-43C2-8AC3-6E446317981C}.Release|Mixed Platforms.ActiveCfg = Release|x86
		{C5304378-B712-43C2-8AC3-6E446317981C}.Release|Mixed Platforms.Build.0 = Release|x86
		{C5304378-B712-43C2-8AC3-6E446317981C}.Release|x86.ActiveCfg = Release|x86
		{C5304378-B712-43C2-8AC3-6E446317981C}.Release|x86.Build.0 = Release|x86
		{C5304378-B712-43C2-8AC3-6E446317981C}.Release64|Any CPU.ActiveCfg = Release64|x86
		{C5304378-B712-43C2-8AC3-6E446317981C}.Release64|Mixed Platforms.ActiveCfg = Release64|x86
		{C5304378-B712-43C2-8AC3-6E446317981C}.Release64|Mixed Platforms.Build.0 = Release64|x86
		{C5304378-B712-43C2-8AC3-6E446317981C}.Release64|x86.ActiveCfg = Release64|x86
		{0FC6DE26-E6EC-4E73-B8AA-7C1A613537F1}.Debug|Any CPU.ActiveCfg = Debug|x86
		{0FC6DE26-E6EC-4E73-B8AA-7C1A613537F1}.Debug|Mixed Platforms.ActiveCfg = Debug|x86
		{0FC6DE26-E6EC-4E73-B8AA-7C1A613537F1}.Debug|Mixed Platforms.Build.0 = Debug|x86
		{0FC6DE26-E6EC-4E73-B8AA-7C1A613537F1}.Debug|x86.ActiveCfg = Debug|x86
		{0FC6DE26-E6EC-4E73-B8AA-7C1A613537F1}.Debug|x86.Build.0 = Debug|x86
		{0FC6DE26-E6EC-4E73-B8AA-7C1A613537F1}.Release|Any CPU.ActiveCfg = Release|x86
		{0FC6DE26-E6EC-4E73-B8AA-7C1A613537F1}.Release|Mixed Platforms.ActiveCfg = Release|x86
		{0FC6DE26-E6EC-4E73-B8AA-7C1A613537F1}.Release|Mixed Platforms.Build.0 = Release|x86
		{0FC6DE26-E6EC-4E73-B8AA-7C1A613537F1}.Release|x86.ActiveCfg = Release|x86
		{0FC6DE26-E6EC-4E73-B8AA-7C1A613537F1}.Release|x86.Build.0 = Release|x86
		{0FC6DE26-E6EC-4E73-B8AA-7C1A613537F1}.Release64|Any CPU.ActiveCfg = Release64|x86
		{0FC6DE26-E6EC-4E73-B8AA-7C1A613537F1}.Release64|Mixed Platforms.ActiveCfg = Release64|x86
		{0FC6DE26-E6EC-4E73-B8AA-7C1A613537F1}.Release64|Mixed Platforms.Build.0 = Release64|x86
		{0FC6DE26-E6EC-4E73-B8AA-7C1A613537F1}.Release64|x86.ActiveCfg = Release64|x86
		{3E11CADA-867E-4FA5-996F-CE6B8F4A1B59}.Debug|Any CPU.ActiveCfg = Debug|x86
		{3E11CADA-867E-4FA5-996F-CE6B8F4A1B59}.Debug|Mixed Platforms.ActiveCfg = Debug|x86
		{3E11CADA-867E-4FA5-996F-CE6B8F4A1B59}.Debug|Mixed Platforms.Build.0 = Debug|x86
		{3E11CADA-867E-4FA5-996F-CE6B8F4A1B59}.Debug|x86.ActiveCfg = Debug|x86
		{3E11CADA-867E-4FA5-996F-CE6B8F4A1B59}.Debug|x86.Build.0 = Debug|x86
		{3E11CADA-867E-4FA5-996F-CE6B8F4A1B59}.Release|Any CPU.ActiveCfg = Release|x86
		{3E11CADA-867E-4FA5-996F-CE6B8F4A1B59}.Release|Mixed Platforms.ActiveCfg = Release|x86
		{3E11CADA-867E-4FA5-996F-CE6B8F4A1B59}.Release|Mixed Platforms.Build.0 = Release|x86
		{3E11CADA-867E-4FA5-996F-CE6B8F4A1B59}.Release|x86.ActiveCfg = Release|x86
		{3E11CADA-867E-4FA5-996F-CE6B8F4A1B59}.Release|x86.Build.0 = Release|x86
		{3E11CADA-867E-4FA5-996F-CE6B8F4A1B59}.Release64|Any CPU.ActiveCfg = Release64|x64
		{3E11CADA-867E-4FA5-996F-CE6B8F4A1B59}.Release64|Mixed Platforms.ActiveCfg = Release64|x64
		{3E11CADA-867E-4FA5-996F-CE6B8F4A1B59}.Release64|Mixed Platforms.Build.0 = Release64|x64
		{3E11CADA-867E-4FA5-996F-CE6B8F4A1B59}.Release64|x86.ActiveCfg = Release64|x86
		{77F0AB0E-95B4-4133-935A-900F310CFC5D}.Debug|Any CPU.ActiveCfg = Debug|x86
		{77F0AB0E-95B4-4133-935A-900F310CFC5D}.Debug|Mixed Platforms.ActiveCfg = Debug|x86
		{77F0AB0E-95B4-4133-935A-900F310CFC5D}.Debug|Mixed Platforms.Build.0 = Debug|x86
		{77F0AB0E-95B4-4133-935A-900F310CFC5D}.Debug|x86.ActiveCfg = Debug|x86
		{77F0AB0E-95B4-4133-935A-900F310CFC5D}.Debug|x86.Build.0 = Debug|x86
		{77F0AB0E-95B4-4133-935A-900F310CFC5D}.Release|Any CPU.ActiveCfg = Release|x86
		{77F0AB0E-95B4-4133-935A-900F310CFC5D}.Release|Mixed Platforms.ActiveCfg = Release|x86
		{77F0AB0E-95B4-4133-935A-900F310CFC5D}.Release|Mixed Platforms.Build.0 = Release|x86
		{77F0AB0E-95B4-4133-935A-900F310CFC5D}.Release|x86.ActiveCfg = Release|x86
		{77F0AB0E-95B4-4133-935A-900F310CFC5D}.Release|x86.Build.0 = Release|x86
		{77F0AB0E-95B4-4133-935A-900F310CFC5D}.Release64|Any CPU.ActiveCfg = Release|x86
		{77F0AB0E-95B4-4133-935A-900F310CFC5D}.Release64|Mixed Platforms.ActiveCfg = Release|x86
		{77F0AB0E-95B4-4133-935A-900F310CFC5D}.Release64|Mixed Platforms.Build.0 = Release|x86
		{77F0AB0E-95B4-4133-935A-900F310CFC5D}.Release64|x86.ActiveCfg = Release|x86
		{77F0AB0E-95B4-4133-935A-900F310CFC5D}.Release64|x86.Build.0 = Release|x86
	EndGlobalSection
	GlobalSection(SolutionProperties) = preSolution
		HideSolutionNode = FALSE
	EndGlobalSection
EndGlobal
